
Microsoft Visual Studio Solution File, Format Version 12.00
# Visual Studio Version 17
VisualStudioVersion = 17.11.35219.272
MinimumVisualStudioVersion = 10.0.40219.1
Project("{FAE04EC0-301F-11D3-BF4B-00C04F79EFBC}") = "Exercises_Variables", "Exercises_Variables\Exercises_Variables.csproj", "{B1129252-EA5A-4E59-A7E6-E22048574670}"
EndProject
Project("{FAE04EC0-301F-11D3-BF4B-00C04F79EFBC}") = "Exercises_Loops", "Exercises_Loops\Exercises_Loops.csproj", "{93E0036D-9595-4B3D-AFF2-AAA3F36F4CAB}"
EndProject
Project("{FAE04EC0-301F-11D3-BF4B-00C04F79EFBC}") = "Exercises_Indexing", "Indexing\Exercises_Indexing.csproj", "{58A4677C-3CC1-4F4D-B141-2D31E0BCA817}"
EndProject
Project("{FAE04EC0-301F-11D3-BF4B-00C04F79EFBC}") = "Exercises_Functions", "Exercises_Functions\Exercises_Functions.csproj", "{AC5070E4-0F66-4451-8638-0481519CE72C}"
EndProject
Global
	GlobalSection(SolutionConfigurationPlatforms) = preSolution
		Debug|Any CPU = Debug|Any CPU
		Release|Any CPU = Release|Any CPU
	EndGlobalSection
	GlobalSection(ProjectConfigurationPlatforms) = postSolution
		{B1129252-EA5A-4E59-A7E6-E22048574670}.Debug|Any CPU.ActiveCfg = Debug|Any CPU
		{B1129252-EA5A-4E59-A7E6-E22048574670}.Debug|Any CPU.Build.0 = Debug|Any CPU
		{B1129252-EA5A-4E59-A7E6-E22048574670}.Release|Any CPU.ActiveCfg = Release|Any CPU
		{B1129252-EA5A-4E59-A7E6-E22048574670}.Release|Any CPU.Build.0 = Release|Any CPU
		{93E0036D-9595-4B3D-AFF2-AAA3F36F4CAB}.Debug|Any CPU.ActiveCfg = Debug|Any CPU
		{93E0036D-9595-4B3D-AFF2-AAA3F36F4CAB}.Debug|Any CPU.Build.0 = Debug|Any CPU
		{93E0036D-9595-4B3D-AFF2-AAA3F36F4CAB}.Release|Any CPU.ActiveCfg = Release|Any CPU
		{93E0036D-9595-4B3D-AFF2-AAA3F36F4CAB}.Release|Any CPU.Build.0 = Release|Any CPU
		{58A4677C-3CC1-4F4D-B141-2D31E0BCA817}.Debug|Any CPU.ActiveCfg = Debug|Any CPU
		{58A4677C-3CC1-4F4D-B141-2D31E0BCA817}.Debug|Any CPU.Build.0 = Debug|Any CPU
		{58A4677C-3CC1-4F4D-B141-2D31E0BCA817}.Release|Any CPU.ActiveCfg = Release|Any CPU
		{58A4677C-3CC1-4F4D-B141-2D31E0BCA817}.Release|Any CPU.Build.0 = Release|Any CPU
		{AC5070E4-0F66-4451-8638-0481519CE72C}.Debug|Any CPU.ActiveCfg = Debug|Any CPU
		{AC5070E4-0F66-4451-8638-0481519CE72C}.Debug|Any CPU.Build.0 = Debug|Any CPU
		{AC5070E4-0F66-4451-8638-0481519CE72C}.Release|Any CPU.ActiveCfg = Release|Any CPU
		{AC5070E4-0F66-4451-8638-0481519CE72C}.Release|Any CPU.Build.0 = Release|Any CPU
	EndGlobalSection
	GlobalSection(SolutionProperties) = preSolution
		HideSolutionNode = FALSE
	EndGlobalSection
	GlobalSection(ExtensibilityGlobals) = postSolution
		SolutionGuid = {E6086FF2-C003-47E4-938D-892A8196ACCC}
	EndGlobalSection
EndGlobal
